// !$*UTF8*$!
{
	archiveVersion = 1;
	classes = {
	};
	objectVersion = 55;
	objects = {

/* Begin PBXBuildFile section */
		BB63C0B427249379001CCBC2 /* peanutApp.swift in Sources */ = {isa = PBXBuildFile; fileRef = BB63C0B327249379001CCBC2 /* peanutApp.swift */; };
		BB63C0B627249379001CCBC2 /* ContentView.swift in Sources */ = {isa = PBXBuildFile; fileRef = BB63C0B527249379001CCBC2 /* ContentView.swift */; };
		BB63C0B827249379001CCBC2 /* Assets.xcassets in Resources */ = {isa = PBXBuildFile; fileRef = BB63C0B727249379001CCBC2 /* Assets.xcassets */; };
		BB63C0BB27249379001CCBC2 /* Preview Assets.xcassets in Resources */ = {isa = PBXBuildFile; fileRef = BB63C0BA27249379001CCBC2 /* Preview Assets.xcassets */; };
		BB63C0C527249379001CCBC2 /* peanutTests.swift in Sources */ = {isa = PBXBuildFile; fileRef = BB63C0C427249379001CCBC2 /* peanutTests.swift */; };
		BB63C0CF27249379001CCBC2 /* peanutUITests.swift in Sources */ = {isa = PBXBuildFile; fileRef = BB63C0CE27249379001CCBC2 /* peanutUITests.swift */; };
		BB63C0D127249379001CCBC2 /* peanutUITestsLaunchTests.swift in Sources */ = {isa = PBXBuildFile; fileRef = BB63C0D027249379001CCBC2 /* peanutUITestsLaunchTests.swift */; };
		BB63C0DE272493CA001CCBC2 /* MapView.swift in Sources */ = {isa = PBXBuildFile; fileRef = BB63C0DD272493CA001CCBC2 /* MapView.swift */; };
		BB63C0E0272493E2001CCBC2 /* MKPointAnnotation-ObservableObject.swift in Sources */ = {isa = PBXBuildFile; fileRef = BB63C0DF272493E2001CCBC2 /* MKPointAnnotation-ObservableObject.swift */; };
		BB63C0E22724940A001CCBC2 /* EditView.swift in Sources */ = {isa = PBXBuildFile; fileRef = BB63C0E12724940A001CCBC2 /* EditView.swift */; };
		BBE4677E27249C9C00F80694 /* NavView.swift in Sources */ = {isa = PBXBuildFile; fileRef = BBE4677D27249C9C00F80694 /* NavView.swift */; };
		BBE4678027249D8C00F80694 /* TaskFiles.swift in Sources */ = {isa = PBXBuildFile; fileRef = BBE4677F27249D8C00F80694 /* TaskFiles.swift */; };
		BBE467822724A03900F80694 /* Launch Screen.storyboard in Resources */ = {isa = PBXBuildFile; fileRef = BBE467812724A03900F80694 /* Launch Screen.storyboard */; };
		BBE4678C2724A88B00F80694 /* newapplogo.png in Resources */ = {isa = PBXBuildFile; fileRef = BBE4678B2724A88B00F80694 /* newapplogo.png */; };
/* End PBXBuildFile section */

/* Begin PBXContainerItemProxy section */
		BB63C0C127249379001CCBC2 /* PBXContainerItemProxy */ = {
			isa = PBXContainerItemProxy;
			containerPortal = BB63C0A827249379001CCBC2 /* Project object */;
			proxyType = 1;
			remoteGlobalIDString = BB63C0AF27249379001CCBC2;
			remoteInfo = peanut;
		};
		BB63C0CB27249379001CCBC2 /* PBXContainerItemProxy */ = {
			isa = PBXContainerItemProxy;
			containerPortal = BB63C0A827249379001CCBC2 /* Project object */;
			proxyType = 1;
			remoteGlobalIDString = BB63C0AF27249379001CCBC2;
			remoteInfo = peanut;
		};
/* End PBXContainerItemProxy section */

/* Begin PBXFileReference section */
		BB63C0B027249379001CCBC2 /* Peanut.app */ = {isa = PBXFileReference; explicitFileType = wrapper.application; includeInIndex = 0; path = Peanut.app; sourceTree = BUILT_PRODUCTS_DIR; };
		BB63C0B327249379001CCBC2 /* peanutApp.swift */ = {isa = PBXFileReference; lastKnownFileType = sourcecode.swift; path = peanutApp.swift; sourceTree = "<group>"; };
		BB63C0B527249379001CCBC2 /* ContentView.swift */ = {isa = PBXFileReference; lastKnownFileType = sourcecode.swift; path = ContentView.swift; sourceTree = "<group>"; };
		BB63C0B727249379001CCBC2 /* Assets.xcassets */ = {isa = PBXFileReference; lastKnownFileType = folder.assetcatalog; path = Assets.xcassets; sourceTree = "<group>"; };
		BB63C0BA27249379001CCBC2 /* Preview Assets.xcassets */ = {isa = PBXFileReference; lastKnownFileType = folder.assetcatalog; path = "Preview Assets.xcassets"; sourceTree = "<group>"; };
		BB63C0C027249379001CCBC2 /* peanutTests.xctest */ = {isa = PBXFileReference; explicitFileType = wrapper.cfbundle; includeInIndex = 0; path = peanutTests.xctest; sourceTree = BUILT_PRODUCTS_DIR; };
		BB63C0C427249379001CCBC2 /* peanutTests.swift */ = {isa = PBXFileReference; lastKnownFileType = sourcecode.swift; path = peanutTests.swift; sourceTree = "<group>"; };
		BB63C0CA27249379001CCBC2 /* peanutUITests.xctest */ = {isa = PBXFileReference; explicitFileType = wrapper.cfbundle; includeInIndex = 0; path = peanutUITests.xctest; sourceTree = BUILT_PRODUCTS_DIR; };
		BB63C0CE27249379001CCBC2 /* peanutUITests.swift */ = {isa = PBXFileReference; lastKnownFileType = sourcecode.swift; path = peanutUITests.swift; sourceTree = "<group>"; };
		BB63C0D027249379001CCBC2 /* peanutUITestsLaunchTests.swift */ = {isa = PBXFileReference; lastKnownFileType = sourcecode.swift; path = peanutUITestsLaunchTests.swift; sourceTree = "<group>"; };
		BB63C0DD272493CA001CCBC2 /* MapView.swift */ = {isa = PBXFileReference; lastKnownFileType = sourcecode.swift; path = MapView.swift; sourceTree = "<group>"; };
		BB63C0DF272493E2001CCBC2 /* MKPointAnnotation-ObservableObject.swift */ = {isa = PBXFileReference; lastKnownFileType = sourcecode.swift; path = "MKPointAnnotation-ObservableObject.swift"; sourceTree = "<group>"; };
		BB63C0E12724940A001CCBC2 /* EditView.swift */ = {isa = PBXFileReference; lastKnownFileType = sourcecode.swift; path = EditView.swift; sourceTree = "<group>"; };
		BBE4677D27249C9C00F80694 /* NavView.swift */ = {isa = PBXFileReference; lastKnownFileType = sourcecode.swift; path = NavView.swift; sourceTree = "<group>"; };
		BBE4677F27249D8C00F80694 /* TaskFiles.swift */ = {isa = PBXFileReference; lastKnownFileType = sourcecode.swift; path = TaskFiles.swift; sourceTree = "<group>"; };
		BBE467812724A03900F80694 /* Launch Screen.storyboard */ = {isa = PBXFileReference; lastKnownFileType = file.storyboard; path = "Launch Screen.storyboard"; sourceTree = "<group>"; };
		BBE4678B2724A88B00F80694 /* newapplogo.png */ = {isa = PBXFileReference; lastKnownFileType = image.png; name = newapplogo.png; path = ../../../../../../../Downloads/newapplogo.png; sourceTree = "<group>"; };
		BBE4678D2724E8A200F80694 /* atlanta.gpx */ = {isa = PBXFileReference; lastKnownFileType = text.xml; name = atlanta.gpx; path = ../../../../../../Downloads/atlanta.gpx; sourceTree = "<group>"; };
/* End PBXFileReference section */

/* Begin PBXFrameworksBuildPhase section */
		BB63C0AD27249379001CCBC2 /* Frameworks */ = {
			isa = PBXFrameworksBuildPhase;
			buildActionMask = 2147483647;
			files = (
			);
			runOnlyForDeploymentPostprocessing = 0;
		};
		BB63C0BD27249379001CCBC2 /* Frameworks */ = {
			isa = PBXFrameworksBuildPhase;
			buildActionMask = 2147483647;
			files = (
			);
			runOnlyForDeploymentPostprocessing = 0;
		};
		BB63C0C727249379001CCBC2 /* Frameworks */ = {
			isa = PBXFrameworksBuildPhase;
			buildActionMask = 2147483647;
			files = (
			);
			runOnlyForDeploymentPostprocessing = 0;
		};
/* End PBXFrameworksBuildPhase section */

/* Begin PBXGroup section */
		BB63C0A727249379001CCBC2 = {
			isa = PBXGroup;
			children = (
				BBE4678D2724E8A200F80694 /* atlanta.gpx */,
				BB63C0B227249379001CCBC2 /* peanut */,
				BB63C0C327249379001CCBC2 /* peanutTests */,
				BB63C0CD27249379001CCBC2 /* peanutUITests */,
				BB63C0B127249379001CCBC2 /* Products */,
			);
			sourceTree = "<group>";
		};
		BB63C0B127249379001CCBC2 /* Products */ = {
			isa = PBXGroup;
			children = (
				BB63C0B027249379001CCBC2 /* Peanut.app */,
				BB63C0C027249379001CCBC2 /* peanutTests.xctest */,
				BB63C0CA27249379001CCBC2 /* peanutUITests.xctest */,
			);
			name = Products;
			sourceTree = "<group>";
		};
		BB63C0B227249379001CCBC2 /* peanut */ = {
			isa = PBXGroup;
			children = (
				BB63C0B327249379001CCBC2 /* peanutApp.swift */,
				BB63C0B527249379001CCBC2 /* ContentView.swift */,
				BB63C0B727249379001CCBC2 /* Assets.xcassets */,
				BB63C0B927249379001CCBC2 /* Preview Content */,
				BB63C0DD272493CA001CCBC2 /* MapView.swift */,
				BB63C0DF272493E2001CCBC2 /* MKPointAnnotation-ObservableObject.swift */,
				BB63C0E12724940A001CCBC2 /* EditView.swift */,
				BBE467812724A03900F80694 /* Launch Screen.storyboard */,
				BBE4677D27249C9C00F80694 /* NavView.swift */,
				BBE4677F27249D8C00F80694 /* TaskFiles.swift */,
				BBE4678B2724A88B00F80694 /* newapplogo.png */,
			);
			path = peanut;
			sourceTree = "<group>";
		};
		BB63C0B927249379001CCBC2 /* Preview Content */ = {
			isa = PBXGroup;
			children = (
				BB63C0BA27249379001CCBC2 /* Preview Assets.xcassets */,
			);
			path = "Preview Content";
			sourceTree = "<group>";
		};
		BB63C0C327249379001CCBC2 /* peanutTests */ = {
			isa = PBXGroup;
			children = (
				BB63C0C427249379001CCBC2 /* peanutTests.swift */,
			);
			path = peanutTests;
			sourceTree = "<group>";
		};
		BB63C0CD27249379001CCBC2 /* peanutUITests */ = {
			isa = PBXGroup;
			children = (
				BB63C0CE27249379001CCBC2 /* peanutUITests.swift */,
				BB63C0D027249379001CCBC2 /* peanutUITestsLaunchTests.swift */,
			);
			path = peanutUITests;
			sourceTree = "<group>";
		};
/* End PBXGroup section */

/* Begin PBXNativeTarget section */
		BB63C0AF27249379001CCBC2 /* peanut */ = {
			isa = PBXNativeTarget;
			buildConfigurationList = BB63C0D427249379001CCBC2 /* Build configuration list for PBXNativeTarget "peanut" */;
			buildPhases = (
				BB63C0AC27249379001CCBC2 /* Sources */,
				BB63C0AD27249379001CCBC2 /* Frameworks */,
				BB63C0AE27249379001CCBC2 /* Resources */,
			);
			buildRules = (
			);
			dependencies = (
			);
			name = peanut;
			productName = peanut;
			productReference = BB63C0B027249379001CCBC2 /* Peanut.app */;
			productType = "com.apple.product-type.application";
		};
		BB63C0BF27249379001CCBC2 /* peanutTests */ = {
			isa = PBXNativeTarget;
			buildConfigurationList = BB63C0D727249379001CCBC2 /* Build configuration list for PBXNativeTarget "peanutTests" */;
			buildPhases = (
				BB63C0BC27249379001CCBC2 /* Sources */,
				BB63C0BD27249379001CCBC2 /* Frameworks */,
				BB63C0BE27249379001CCBC2 /* Resources */,
			);
			buildRules = (
			);
			dependencies = (
				BB63C0C227249379001CCBC2 /* PBXTargetDependency */,
			);
			name = peanutTests;
			productName = peanutTests;
			productReference = BB63C0C027249379001CCBC2 /* peanutTests.xctest */;
			productType = "com.apple.product-type.bundle.unit-test";
		};
		BB63C0C927249379001CCBC2 /* peanutUITests */ = {
			isa = PBXNativeTarget;
			buildConfigurationList = BB63C0DA27249379001CCBC2 /* Build configuration list for PBXNativeTarget "peanutUITests" */;
			buildPhases = (
				BB63C0C627249379001CCBC2 /* Sources */,
				BB63C0C727249379001CCBC2 /* Frameworks */,
				BB63C0C827249379001CCBC2 /* Resources */,
			);
			buildRules = (
			);
			dependencies = (
				BB63C0CC27249379001CCBC2 /* PBXTargetDependency */,
			);
			name = peanutUITests;
			productName = peanutUITests;
			productReference = BB63C0CA27249379001CCBC2 /* peanutUITests.xctest */;
			productType = "com.apple.product-type.bundle.ui-testing";
		};
/* End PBXNativeTarget section */

/* Begin PBXProject section */
		BB63C0A827249379001CCBC2 /* Project object */ = {
			isa = PBXProject;
			attributes = {
				BuildIndependentTargetsInParallel = 1;
				LastSwiftUpdateCheck = 1300;
				LastUpgradeCheck = 1300;
				TargetAttributes = {
					BB63C0AF27249379001CCBC2 = {
						CreatedOnToolsVersion = 13.0;
					};
					BB63C0BF27249379001CCBC2 = {
						CreatedOnToolsVersion = 13.0;
						TestTargetID = BB63C0AF27249379001CCBC2;
					};
					BB63C0C927249379001CCBC2 = {
						CreatedOnToolsVersion = 13.0;
						TestTargetID = BB63C0AF27249379001CCBC2;
					};
				};
			};
			buildConfigurationList = BB63C0AB27249379001CCBC2 /* Build configuration list for PBXProject "peanut" */;
			compatibilityVersion = "Xcode 13.0";
			developmentRegion = en;
			hasScannedForEncodings = 0;
			knownRegions = (
				en,
				Base,
			);
			mainGroup = BB63C0A727249379001CCBC2;
			productRefGroup = BB63C0B127249379001CCBC2 /* Products */;
			projectDirPath = "";
			projectRoot = "";
			targets = (
				BB63C0AF27249379001CCBC2 /* peanut */,
				BB63C0BF27249379001CCBC2 /* peanutTests */,
				BB63C0C927249379001CCBC2 /* peanutUITests */,
			);
		};
/* End PBXProject section */

/* Begin PBXResourcesBuildPhase section */
		BB63C0AE27249379001CCBC2 /* Resources */ = {
			isa = PBXResourcesBuildPhase;
			buildActionMask = 2147483647;
			files = (
				BB63C0BB27249379001CCBC2 /* Preview Assets.xcassets in Resources */,
				BBE4678C2724A88B00F80694 /* newapplogo.png in Resources */,
				BBE467822724A03900F80694 /* Launch Screen.storyboard in Resources */,
				BB63C0B827249379001CCBC2 /* Assets.xcassets in Resources */,
			);
			runOnlyForDeploymentPostprocessing = 0;
		};
		BB63C0BE27249379001CCBC2 /* Resources */ = {
			isa = PBXResourcesBuildPhase;
			buildActionMask = 2147483647;
			files = (
			);
			runOnlyForDeploymentPostprocessing = 0;
		};
		BB63C0C827249379001CCBC2 /* Resources */ = {
			isa = PBXResourcesBuildPhase;
			buildActionMask = 2147483647;
			files = (
			);
			runOnlyForDeploymentPostprocessing = 0;
		};
/* End PBXResourcesBuildPhase section */

/* Begin PBXSourcesBuildPhase section */
		BB63C0AC27249379001CCBC2 /* Sources */ = {
			isa = PBXSourcesBuildPhase;
			buildActionMask = 2147483647;
			files = (
				BBE4677E27249C9C00F80694 /* NavView.swift in Sources */,
				BB63C0B627249379001CCBC2 /* ContentView.swift in Sources */,
				BB63C0E22724940A001CCBC2 /* EditView.swift in Sources */,
				BB63C0E0272493E2001CCBC2 /* MKPointAnnotation-ObservableObject.swift in Sources */,
				BB63C0DE272493CA001CCBC2 /* MapView.swift in Sources */,
				BB63C0B427249379001CCBC2 /* peanutApp.swift in Sources */,
				BBE4678027249D8C00F80694 /* TaskFiles.swift in Sources */,
			);
			runOnlyForDeploymentPostprocessing = 0;
		};
		BB63C0BC27249379001CCBC2 /* Sources */ = {
			isa = PBXSourcesBuildPhase;
			buildActionMask = 2147483647;
			files = (
				BB63C0C527249379001CCBC2 /* peanutTests.swift in Sources */,
			);
			runOnlyForDeploymentPostprocessing = 0;
		};
		BB63C0C627249379001CCBC2 /* Sources */ = {
			isa = PBXSourcesBuildPhase;
			buildActionMask = 2147483647;
			files = (
				BB63C0CF27249379001CCBC2 /* peanutUITests.swift in Sources */,
				BB63C0D127249379001CCBC2 /* peanutUITestsLaunchTests.swift in Sources */,
			);
			runOnlyForDeploymentPostprocessing = 0;
		};
/* End PBXSourcesBuildPhase section */

/* Begin PBXTargetDependency section */
		BB63C0C227249379001CCBC2 /* PBXTargetDependency */ = {
			isa = PBXTargetDependency;
			target = BB63C0AF27249379001CCBC2 /* peanut */;
			targetProxy = BB63C0C127249379001CCBC2 /* PBXContainerItemProxy */;
		};
		BB63C0CC27249379001CCBC2 /* PBXTargetDependency */ = {
			isa = PBXTargetDependency;
			target = BB63C0AF27249379001CCBC2 /* peanut */;
			targetProxy = BB63C0CB27249379001CCBC2 /* PBXContainerItemProxy */;
		};
/* End PBXTargetDependency section */

/* Begin XCBuildConfiguration section */
		BB63C0D227249379001CCBC2 /* Debug */ = {
			isa = XCBuildConfiguration;
			buildSettings = {
				ALWAYS_SEARCH_USER_PATHS = NO;
				CLANG_ANALYZER_NONNULL = YES;
				CLANG_ANALYZER_NUMBER_OBJECT_CONVERSION = YES_AGGRESSIVE;
				CLANG_CXX_LANGUAGE_STANDARD = "gnu++17";
				CLANG_CXX_LIBRARY = "libc++";
				CLANG_ENABLE_MODULES = YES;
				CLANG_ENABLE_OBJC_ARC = YES;
				CLANG_ENABLE_OBJC_WEAK = YES;
				CLANG_WARN_BLOCK_CAPTURE_AUTORELEASING = YES;
				CLANG_WARN_BOOL_CONVERSION = YES;
				CLANG_WARN_COMMA = YES;
				CLANG_WARN_CONSTANT_CONVERSION = YES;
				CLANG_WARN_DEPRECATED_OBJC_IMPLEMENTATIONS = YES;
				CLANG_WARN_DIRECT_OBJC_ISA_USAGE = YES_ERROR;
				CLANG_WARN_DOCUMENTATION_COMMENTS = YES;
				CLANG_WARN_EMPTY_BODY = YES;
				CLANG_WARN_ENUM_CONVERSION = YES;
				CLANG_WARN_INFINITE_RECURSION = YES;
				CLANG_WARN_INT_CONVERSION = YES;
				CLANG_WARN_NON_LITERAL_NULL_CONVERSION = YES;
				CLANG_WARN_OBJC_IMPLICIT_RETAIN_SELF = YES;
				CLANG_WARN_OBJC_LITERAL_CONVERSION = YES;
				CLANG_WARN_OBJC_ROOT_CLASS = YES_ERROR;
				CLANG_WARN_QUOTED_INCLUDE_IN_FRAMEWORK_HEADER = YES;
				CLANG_WARN_RANGE_LOOP_ANALYSIS = YES;
				CLANG_WARN_STRICT_PROTOTYPES = YES;
				CLANG_WARN_SUSPICIOUS_MOVE = YES;
				CLANG_WARN_UNGUARDED_AVAILABILITY = YES_AGGRESSIVE;
				CLANG_WARN_UNREACHABLE_CODE = YES;
				CLANG_WARN__DUPLICATE_METHOD_MATCH = YES;
				COPY_PHASE_STRIP = NO;
				DEBUG_INFORMATION_FORMAT = dwarf;
				ENABLE_STRICT_OBJC_MSGSEND = YES;
				ENABLE_TESTABILITY = YES;
				GCC_C_LANGUAGE_STANDARD = gnu11;
				GCC_DYNAMIC_NO_PIC = NO;
				GCC_NO_COMMON_BLOCKS = YES;
				GCC_OPTIMIZATION_LEVEL = 0;
				GCC_PREPROCESSOR_DEFINITIONS = (
					"DEBUG=1",
					"$(inherited)",
				);
				GCC_WARN_64_TO_32_BIT_CONVERSION = YES;
				GCC_WARN_ABOUT_RETURN_TYPE = YES_ERROR;
				GCC_WARN_UNDECLARED_SELECTOR = YES;
				GCC_WARN_UNINITIALIZED_AUTOS = YES_AGGRESSIVE;
				GCC_WARN_UNUSED_FUNCTION = YES;
				GCC_WARN_UNUSED_VARIABLE = YES;
				IPHONEOS_DEPLOYMENT_TARGET = 15.0;
				MTL_ENABLE_DEBUG_INFO = INCLUDE_SOURCE;
				MTL_FAST_MATH = YES;
				ONLY_ACTIVE_ARCH = YES;
				SDKROOT = iphoneos;
				SWIFT_ACTIVE_COMPILATION_CONDITIONS = DEBUG;
				SWIFT_OPTIMIZATION_LEVEL = "-Onone";
			};
			name = Debug;
		};
		BB63C0D327249379001CCBC2 /* Release */ = {
			isa = XCBuildConfiguration;
			buildSettings = {
				ALWAYS_SEARCH_USER_PATHS = NO;
				CLANG_ANALYZER_NONNULL = YES;
				CLANG_ANALYZER_NUMBER_OBJECT_CONVERSION = YES_AGGRESSIVE;
				CLANG_CXX_LANGUAGE_STANDARD = "gnu++17";
				CLANG_CXX_LIBRARY = "libc++";
				CLANG_ENABLE_MODULES = YES;
				CLANG_ENABLE_OBJC_ARC = YES;
				CLANG_ENABLE_OBJC_WEAK = YES;
				CLANG_WARN_BLOCK_CAPTURE_AUTORELEASING = YES;
				CLANG_WARN_BOOL_CONVERSION = YES;
				CLANG_WARN_COMMA = YES;
				CLANG_WARN_CONSTANT_CONVERSION = YES;
				CLANG_WARN_DEPRECATED_OBJC_IMPLEMENTATIONS = YES;
				CLANG_WARN_DIRECT_OBJC_ISA_USAGE = YES_ERROR;
				CLANG_WARN_DOCUMENTATION_COMMENTS = YES;
				CLANG_WARN_EMPTY_BODY = YES;
				CLANG_WARN_ENUM_CONVERSION = YES;
				CLANG_WARN_INFINITE_RECURSION = YES;
				CLANG_WARN_INT_CONVERSION = YES;
				CLANG_WARN_NON_LITERAL_NULL_CONVERSION = YES;
				CLANG_WARN_OBJC_IMPLICIT_RETAIN_SELF = YES;
				CLANG_WARN_OBJC_LITERAL_CONVERSION = YES;
				CLANG_WARN_OBJC_ROOT_CLASS = YES_ERROR;
				CLANG_WARN_QUOTED_INCLUDE_IN_FRAMEWORK_HEADER = YES;
				CLANG_WARN_RANGE_LOOP_ANALYSIS = YES;
				CLANG_WARN_STRICT_PROTOTYPES = YES;
				CLANG_WARN_SUSPICIOUS_MOVE = YES;
				CLANG_WARN_UNGUARDED_AVAILABILITY = YES_AGGRESSIVE;
				CLANG_WARN_UNREACHABLE_CODE = YES;
				CLANG_WARN__DUPLICATE_METHOD_MATCH = YES;
				COPY_PHASE_STRIP = NO;
				DEBUG_INFORMATION_FORMAT = "dwarf-with-dsym";
				ENABLE_NS_ASSERTIONS = NO;
				ENABLE_STRICT_OBJC_MSGSEND = YES;
				GCC_C_LANGUAGE_STANDARD = gnu11;
				GCC_NO_COMMON_BLOCKS = YES;
				GCC_WARN_64_TO_32_BIT_CONVERSION = YES;
				GCC_WARN_ABOUT_RETURN_TYPE = YES_ERROR;
				GCC_WARN_UNDECLARED_SELECTOR = YES;
				GCC_WARN_UNINITIALIZED_AUTOS = YES_AGGRESSIVE;
				GCC_WARN_UNUSED_FUNCTION = YES;
				GCC_WARN_UNUSED_VARIABLE = YES;
				IPHONEOS_DEPLOYMENT_TARGET = 15.0;
				MTL_ENABLE_DEBUG_INFO = NO;
				MTL_FAST_MATH = YES;
				SDKROOT = iphoneos;
				SWIFT_COMPILATION_MODE = wholemodule;
				SWIFT_OPTIMIZATION_LEVEL = "-O";
				VALIDATE_PRODUCT = YES;
			};
			name = Release;
		};
		BB63C0D527249379001CCBC2 /* Debug */ = {
			isa = XCBuildConfiguration;
			buildSettings = {
				ASSETCATALOG_COMPILER_APPICON_NAME = AppIcon;
				ASSETCATALOG_COMPILER_GLOBAL_ACCENT_COLOR_NAME = AccentColor;
				CODE_SIGN_STYLE = Automatic;
				CURRENT_PROJECT_VERSION = 1;
				DEVELOPMENT_ASSET_PATHS = "\"peanut/Preview Content\"";
				DEVELOPMENT_TEAM = K7V3QWMXRQ;
				ENABLE_PREVIEWS = YES;
				GENERATE_INFOPLIST_FILE = YES;
				INFOPLIST_KEY_UIApplicationSceneManifest_Generation = YES;
				INFOPLIST_KEY_UIApplicationSupportsIndirectInputEvents = YES;
				INFOPLIST_KEY_UILaunchScreen_Generation = YES;
				INFOPLIST_KEY_UILaunchStoryboardName = "Launch Screen";
				INFOPLIST_KEY_UISupportedInterfaceOrientations_iPad = "UIInterfaceOrientationPortrait UIInterfaceOrientationPortraitUpsideDown UIInterfaceOrientationLandscapeLeft UIInterfaceOrientationLandscapeRight";
				INFOPLIST_KEY_UISupportedInterfaceOrientations_iPhone = "UIInterfaceOrientationPortrait UIInterfaceOrientationLandscapeLeft UIInterfaceOrientationLandscapeRight";
				IPHONEOS_DEPLOYMENT_TARGET = 14.0;
				LD_RUNPATH_SEARCH_PATHS = (
					"$(inherited)",
					"@executable_path/Frameworks",
				);
				MARKETING_VERSION = 1.0;
				PRODUCT_BUNDLE_IDENTIFIER = hackathon.peanut;
				PRODUCT_NAME = Peanut;
				SWIFT_EMIT_LOC_STRINGS = YES;
				SWIFT_VERSION = 5.0;
				TARGETED_DEVICE_FAMILY = "1,2";
			};
			name = Debug;
		};
		BB63C0D627249379001CCBC2 /* Release */ = {
			isa = XCBuildConfiguration;
			buildSettings = {
				ASSETCATALOG_COMPILER_APPICON_NAME = AppIcon;
				ASSETCATALOG_COMPILER_GLOBAL_ACCENT_COLOR_NAME = AccentColor;
				CODE_SIGN_STYLE = Automatic;
				CURRENT_PROJECT_VERSION = 1;
				DEVELOPMENT_ASSET_PATHS = "\"peanut/Preview Content\"";
				DEVELOPMENT_TEAM = K7V3QWMXRQ;
				ENABLE_PREVIEWS = YES;
				GENERATE_INFOPLIST_FILE = YES;
				INFOPLIST_KEY_UIApplicationSceneManifest_Generation = YES;
				INFOPLIST_KEY_UIApplicationSupportsIndirectInputEvents = YES;
				INFOPLIST_KEY_UILaunchScreen_Generation = YES;
				INFOPLIST_KEY_UILaunchStoryboardName = "Launch Screen";
				INFOPLIST_KEY_UISupportedInterfaceOrientations_iPad = "UIInterfaceOrientationPortrait UIInterfaceOrientationPortraitUpsideDown UIInterfaceOrientationLandscapeLeft UIInterfaceOrientationLandscapeRight";
				INFOPLIST_KEY_UISupportedInterfaceOrientations_iPhone = "UIInterfaceOrientationPortrait UIInterfaceOrientationLandscapeLeft UIInterfaceOrientationLandscapeRight";
				IPHONEOS_DEPLOYMENT_TARGET = 14.0;
				LD_RUNPATH_SEARCH_PATHS = (
					"$(inherited)",
					"@executable_path/Frameworks",
				);
				MARKETING_VERSION = 1.0;
				PRODUCT_BUNDLE_IDENTIFIER = hackathon.peanut;
				PRODUCT_NAME = Peanut;
				SWIFT_EMIT_LOC_STRINGS = YES;
				SWIFT_VERSION = 5.0;
				TARGETED_DEVICE_FAMILY = "1,2";
			};
			name = Release;
		};
		BB63C0D827249379001CCBC2 /* Debug */ = {
			isa = XCBuildConfiguration;
			buildSettings = {
				ALWAYS_EMBED_SWIFT_STANDARD_LIBRARIES = YES;
				BUNDLE_LOADER = "$(TEST_HOST)";
				CODE_SIGN_STYLE = Automatic;
				CURRENT_PROJECT_VERSION = 1;
				DEVELOPMENT_TEAM = K7V3QWMXRQ;
				GENERATE_INFOPLIST_FILE = YES;
				IPHONEOS_DEPLOYMENT_TARGET = 14.0;
				LD_RUNPATH_SEARCH_PATHS = (
					"$(inherited)",
					"@executable_path/Frameworks",
					"@loader_path/Frameworks",
				);
				MARKETING_VERSION = 1.0;
				PRODUCT_BUNDLE_IDENTIFIER = hackathon.peanutTests;
				PRODUCT_NAME = "$(TARGET_NAME)";
				SWIFT_EMIT_LOC_STRINGS = NO;
				SWIFT_VERSION = 5.0;
				TARGETED_DEVICE_FAMILY = "1,2";
				TEST_HOST = "$(BUILT_PRODUCTS_DIR)/peanut.app/peanut";
			};
			name = Debug;
		};
		BB63C0D927249379001CCBC2 /* Release */ = {
			isa = XCBuildConfiguration;
			buildSettings = {
				ALWAYS_EMBED_SWIFT_STANDARD_LIBRARIES = YES;
				BUNDLE_LOADER = "$(TEST_HOST)";
				CODE_SIGN_STYLE = Automatic;
				CURRENT_PROJECT_VERSION = 1;
				DEVELOPMENT_TEAM = K7V3QWMXRQ;
				GENERATE_INFOPLIST_FILE = YES;
				IPHONEOS_DEPLOYMENT_TARGET = 14.0;
				LD_RUNPATH_SEARCH_PATHS = (
					"$(inherited)",
					"@executable_path/Frameworks",
					"@loader_path/Frameworks",
				);
				MARKETING_VERSION = 1.0;
				PRODUCT_BUNDLE_IDENTIFIER = hackathon.peanutTests;
				PRODUCT_NAME = "$(TARGET_NAME)";
				SWIFT_EMIT_LOC_STRINGS = NO;
				SWIFT_VERSION = 5.0;
				TARGETED_DEVICE_FAMILY = "1,2";
				TEST_HOST = "$(BUILT_PRODUCTS_DIR)/peanut.app/peanut";
			};
			name = Release;
		};
		BB63C0DB27249379001CCBC2 /* Debug */ = {
			isa = XCBuildConfiguration;
			buildSettings = {
				ALWAYS_EMBED_SWIFT_STANDARD_LIBRARIES = YES;
				CODE_SIGN_STYLE = Automatic;
				CURRENT_PROJECT_VERSION = 1;
				DEVELOPMENT_TEAM = K7V3QWMXRQ;
				GENERATE_INFOPLIST_FILE = YES;
				LD_RUNPATH_SEARCH_PATHS = (
					"$(inherited)",
					"@executable_path/Frameworks",
					"@loader_path/Frameworks",
				);
				MARKETING_VERSION = 1.0;
				PRODUCT_BUNDLE_IDENTIFIER = hackathon.peanutUITests;
				PRODUCT_NAME = "$(TARGET_NAME)";
				SWIFT_EMIT_LOC_STRINGS = NO;
				SWIFT_VERSION = 5.0;
				TARGETED_DEVICE_FAMILY = "1,2";
				TEST_TARGET_NAME = peanut;
			};
			name = Debug;
		};
		BB63C0DC27249379001CCBC2 /* Release */ = {
			isa = XCBuildConfiguration;
			buildSettings = {
				ALWAYS_EMBED_SWIFT_STANDARD_LIBRARIES = YES;
				CODE_SIGN_STYLE = Automatic;
				CURRENT_PROJECT_VERSION = 1;
				DEVELOPMENT_TEAM = K7V3QWMXRQ;
				GENERATE_INFOPLIST_FILE = YES;
				LD_RUNPATH_SEARCH_PATHS = (
					"$(inherited)",
					"@executable_path/Frameworks",
					"@loader_path/Frameworks",
				);
				MARKETING_VERSION = 1.0;
				PRODUCT_BUNDLE_IDENTIFIER = hackathon.peanutUITests;
				PRODUCT_NAME = "$(TARGET_NAME)";
				SWIFT_EMIT_LOC_STRINGS = NO;
				SWIFT_VERSION = 5.0;
				TARGETED_DEVICE_FAMILY = "1,2";
				TEST_TARGET_NAME = peanut;
			};
			name = Release;
		};
/* End XCBuildConfiguration section */

/* Begin XCConfigurationList section */
		BB63C0AB27249379001CCBC2 /* Build configuration list for PBXProject "peanut" */ = {
			isa = XCConfigurationList;
			buildConfigurations = (
				BB63C0D227249379001CCBC2 /* Debug */,
				BB63C0D327249379001CCBC2 /* Release */,
			);
			defaultConfigurationIsVisible = 0;
			defaultConfigurationName = Release;
		};
		BB63C0D427249379001CCBC2 /* Build configuration list for PBXNativeTarget "peanut" */ = {
			isa = XCConfigurationList;
			buildConfigurations = (
				BB63C0D527249379001CCBC2 /* Debug */,
				BB63C0D627249379001CCBC2 /* Release */,
			);
			defaultConfigurationIsVisible = 0;
			defaultConfigurationName = Release;
		};
		BB63C0D727249379001CCBC2 /* Build configuration list for PBXNativeTarget "peanutTests" */ = {
			isa = XCConfigurationList;
			buildConfigurations = (
				BB63C0D827249379001CCBC2 /* Debug */,
				BB63C0D927249379001CCBC2 /* Release */,
			);
			defaultConfigurationIsVisible = 0;
			defaultConfigurationName = Release;
		};
		BB63C0DA27249379001CCBC2 /* Build configuration list for PBXNativeTarget "peanutUITests" */ = {
			isa = XCConfigurationList;
			buildConfigurations = (
				BB63C0DB27249379001CCBC2 /* Debug */,
				BB63C0DC27249379001CCBC2 /* Release */,
			);
			defaultConfigurationIsVisible = 0;
			defaultConfigurationName = Release;
		};
/* End XCConfigurationList section */
	};
	rootObject = BB63C0A827249379001CCBC2 /* Project object */;
}
